
Microsoft Visual Studio Solution File, Format Version 12.00
# Visual Studio Version 16
VisualStudioVersion = 16.0.29324.140
MinimumVisualStudioVersion = 10.0.40219.1
Project("{FAE04EC0-301F-11D3-BF4B-00C04F79EFBC}") = "Test task", "Test task\Test task.csproj", "{F6F2FC03-4532-4F1C-A23A-C0111B5A88F4}"
EndProject
Global
	GlobalSection(SolutionConfigurationPlatforms) = preSolution
		Debug|Any CPU = Debug|Any CPU
		Release|Any CPU = Release|Any CPU
	EndGlobalSection
	GlobalSection(ProjectConfigurationPlatforms) = postSolution
		{F6F2FC03-4532-4F1C-A23A-C0111B5A88F4}.Debug|Any CPU.ActiveCfg = Debug|Any CPU
		{F6F2FC03-4532-4F1C-A23A-C0111B5A88F4}.Debug|Any CPU.Build.0 = Debug|Any CPU
		{F6F2FC03-4532-4F1C-A23A-C0111B5A88F4}.Release|Any CPU.ActiveCfg = Release|Any CPU
		{F6F2FC03-4532-4F1C-A23A-C0111B5A88F4}.Release|Any CPU.Build.0 = Release|Any CPU
	EndGlobalSection
	GlobalSection(SolutionProperties) = preSolution
		HideSolutionNode = FALSE
	EndGlobalSection
	GlobalSection(ExtensibilityGlobals) = postSolution
		SolutionGuid = {1437E746-6013-4E1A-8418-BCE5BFC88512}
	EndGlobalSection
EndGlobal
